# This file is automatically @generated by Cargo.
# It is not intended for manual editing.
version = 4

[[package]]
name = "norn"
version = "0.0.0"
dependencies = [
 "norn-codegen",
 "norn-hir",
 "norn-nir",
 "norn-syntax",
]

[[package]]
name = "norn-codegen"
version = "0.0.0"
dependencies = [
 "norn-hir",
 "norn-nir",
 "norn-rt",
 "norn-syntax",
]

[[package]]
name = "norn-hir"
version = "0.0.0"
dependencies = [
 "norn-syntax",
]

[[package]]
name = "norn-nir"
version = "0.0.0"
dependencies = [
 "norn-hir",
 "norn-rt",
 "norn-syntax",
]

[[package]]
name = "norn-rt"
version = "0.0.0"

[[package]]
name = "norn-syntax"
version = "0.0.0"
